
Microsoft Visual Studio Solution File, Format Version 12.00
# Visual Studio Version 17
VisualStudioVersion = 17.7.34031.279
MinimumVisualStudioVersion = 10.0.40219.1
Project("{9A19103F-16F7-4668-BE54-9A1E7A4F7556}") = "MagicVilla_VillaAPI", "MagicVilla_VillaAPI\MagicVilla_VillaAPI.csproj", "{1FE6EA2B-8358-4C15-A12E-2EF88B208E53}"
EndProject
Project("{FAE04EC0-301F-11D3-BF4B-00C04F79EFBC}") = "MagicVilla_Web", "MagicVilla_Web\MagicVilla_Web.csproj", "{8D074650-01AA-4EBE-9DD8-DEBAB3FFF707}"
EndProject
Project("{FAE04EC0-301F-11D3-BF4B-00C04F79EFBC}") = "MagicVilla_Utility", "MagicVilla_Utility\MagicVilla_Utility.csproj", "{6AFF09CF-CF33-4D7F-BFD8-8235148B0462}"
EndProject
Global
	GlobalSection(SolutionConfigurationPlatforms) = preSolution
		Debug|Any CPU = Debug|Any CPU
		Release|Any CPU = Release|Any CPU
	EndGlobalSection
	GlobalSection(ProjectConfigurationPlatforms) = postSolution
		{1FE6EA2B-8358-4C15-A12E-2EF88B208E53}.Debug|Any CPU.ActiveCfg = Debug|Any CPU
		{1FE6EA2B-8358-4C15-A12E-2EF88B208E53}.Debug|Any CPU.Build.0 = Debug|Any CPU
		{1FE6EA2B-8358-4C15-A12E-2EF88B208E53}.Release|Any CPU.ActiveCfg = Release|Any CPU
		{1FE6EA2B-8358-4C15-A12E-2EF88B208E53}.Release|Any CPU.Build.0 = Release|Any CPU
		{8D074650-01AA-4EBE-9DD8-DEBAB3FFF707}.Debug|Any CPU.ActiveCfg = Debug|Any CPU
		{8D074650-01AA-4EBE-9DD8-DEBAB3FFF707}.Debug|Any CPU.Build.0 = Debug|Any CPU
		{8D074650-01AA-4EBE-9DD8-DEBAB3FFF707}.Release|Any CPU.ActiveCfg = Release|Any CPU
		{8D074650-01AA-4EBE-9DD8-DEBAB3FFF707}.Release|Any CPU.Build.0 = Release|Any CPU
		{6AFF09CF-CF33-4D7F-BFD8-8235148B0462}.Debug|Any CPU.ActiveCfg = Debug|Any CPU
		{6AFF09CF-CF33-4D7F-BFD8-8235148B0462}.Debug|Any CPU.Build.0 = Debug|Any CPU
		{6AFF09CF-CF33-4D7F-BFD8-8235148B0462}.Release|Any CPU.ActiveCfg = Release|Any CPU
		{6AFF09CF-CF33-4D7F-BFD8-8235148B0462}.Release|Any CPU.Build.0 = Release|Any CPU
	EndGlobalSection
	GlobalSection(SolutionProperties) = preSolution
		HideSolutionNode = FALSE
	EndGlobalSection
	GlobalSection(ExtensibilityGlobals) = postSolution
		SolutionGuid = {5EE2475C-16CF-4C52-A9C3-D1DC2FD5233D}
	EndGlobalSection
EndGlobal
